// !$*UTF8*$!
{
	archiveVersion = 1;
	classes = {
	};
	objectVersion = 46;
	objects = {

/* Begin PBXBuildFile section */
		3D2F99111E2E813A0086E2A5 /* AppDelegate.swift in Sources */ = {isa = PBXBuildFile; fileRef = 3D2F99101E2E813A0086E2A5 /* AppDelegate.swift */; };
		3D2F99131E2E813A0086E2A5 /* ViewController.swift in Sources */ = {isa = PBXBuildFile; fileRef = 3D2F99121E2E813A0086E2A5 /* ViewController.swift */; };
		3D2F99161E2E813A0086E2A5 /* Main.storyboard in Resources */ = {isa = PBXBuildFile; fileRef = 3D2F99141E2E813A0086E2A5 /* Main.storyboard */; };
		3D2F99181E2E813A0086E2A5 /* Assets.xcassets in Resources */ = {isa = PBXBuildFile; fileRef = 3D2F99171E2E813A0086E2A5 /* Assets.xcassets */; };
		3D2F991B1E2E813A0086E2A5 /* LaunchScreen.storyboard in Resources */ = {isa = PBXBuildFile; fileRef = 3D2F99191E2E813A0086E2A5 /* LaunchScreen.storyboard */; };
/* End PBXBuildFile section */

/* Begin PBXFileReference section */
		3D2F990D1E2E813A0086E2A5 /* oneThrough.app */ = {isa = PBXFileReference; explicitFileType = wrapper.application; includeInIndex = 0; path = oneThrough.app; sourceTree = BUILT_PRODUCTS_DIR; };
		3D2F99101E2E813A0086E2A5 /* AppDelegate.swift */ = {isa = PBXFileReference; lastKnownFileType = sourcecode.swift; path = AppDelegate.swift; sourceTree = "<group>"; };
		3D2F99121E2E813A0086E2A5 /* ViewController.swift */ = {isa = PBXFileReference; lastKnownFileType = sourcecode.swift; path = ViewController.swift; sourceTree = "<group>"; };
		3D2F99151E2E813A0086E2A5 /* Base */ = {isa = PBXFileReference; lastKnownFileType = file.storyboard; name = Base; path = Base.lproj/Main.storyboard; sourceTree = "<group>"; };
		3D2F99171E2E813A0086E2A5 /* Assets.xcassets */ = {isa = PBXFileReference; lastKnownFileType = folder.assetcatalog; path = Assets.xcassets; sourceTree = "<group>"; };
		3D2F991A1E2E813A0086E2A5 /* Base */ = {isa = PBXFileReference; lastKnownFileType = file.storyboard; name = Base; path = Base.lproj/LaunchScreen.storyboard; sourceTree = "<group>"; };
		3D2F991C1E2E813A0086E2A5 /* Info.plist */ = {isa = PBXFileReference; lastKnownFileType = text.plist.xml; path = Info.plist; sourceTree = "<group>"; };
/* End PBXFileReference section */

/* Begin PBXFrameworksBuildPhase section */
		3D2F990A1E2E813A0086E2A5 /* Frameworks */ = {
			isa = PBXFrameworksBuildPhase;
			buildActionMask = 2147483647;
			files = (
			);
			runOnlyForDeploymentPostprocessing = 0;
		};
/* End PBXFrameworksBuildPhase section */

/* Begin PBXGroup section */
		3D2F99041E2E813A0086E2A5 = {
			isa = PBXGroup;
			children = (
				3D2F990F1E2E813A0086E2A5 /* oneThrough */,
				3D2F990E1E2E813A0086E2A5 /* Products */,
			);
			sourceTree = "<group>";
		};
		3D2F990E1E2E813A0086E2A5 /* Products */ = {
			isa = PBXGroup;
			children = (
				3D2F990D1E2E813A0086E2A5 /* oneThrough.app */,
			);
			name = Products;
			sourceTree = "<group>";
		};
		3D2F990F1E2E813A0086E2A5 /* oneThrough */ = {
			isa = PBXGroup;
			children = (
				3D2F99101E2E813A0086E2A5 /* AppDelegate.swift */,
				3D2F99121E2E813A0086E2A5 /* ViewController.swift */,
				3D2F99141E2E813A0086E2A5 /* Main.storyboard */,
				3D2F99171E2E813A0086E2A5 /* Assets.xcassets */,
				3D2F99191E2E813A0086E2A5 /* LaunchScreen.storyboard */,
				3D2F991C1E2E813A0086E2A5 /* Info.plist */,
			);
			path = oneThrough;
			sourceTree = "<group>";
		};
/* End PBXGroup section */

/* Begin PBXNativeTarget section */
		3D2F990C1E2E813A0086E2A5 /* oneThrough */ = {
			isa = PBXNativeTarget;
			buildConfigurationList = 3D2F991F1E2E813A0086E2A5 /* Build configuration list for PBXNativeTarget "oneThrough" */;
			buildPhases = (
				3D2F99091E2E813A0086E2A5 /* Sources */,
				3D2F990A1E2E813A0086E2A5 /* Frameworks */,
				3D2F990B1E2E813A0086E2A5 /* Resources */,
			);
			buildRules = (
			);
			dependencies = (
			);
			name = oneThrough;
			productName = oneThrough;
			productReference = 3D2F990D1E2E813A0086E2A5 /* oneThrough.app */;
			productType = "com.apple.product-type.application";
		};
/* End PBXNativeTarget section */

/* Begin PBXProject section */
		3D2F99051E2E813A0086E2A5 /* Project object */ = {
			isa = PBXProject;
			attributes = {
				LastSwiftUpdateCheck = 0820;
				LastUpgradeCheck = 0820;
				ORGANIZATIONNAME = "West Kraemer";
				TargetAttributes = {
					3D2F990C1E2E813A0086E2A5 = {
						CreatedOnToolsVersion = 8.2.1;
						ProvisioningStyle = Automatic;
					};
				};
			};
			buildConfigurationList = 3D2F99081E2E813A0086E2A5 /* Build configuration list for PBXProject "oneThrough" */;
			compatibilityVersion = "Xcode 3.2";
			developmentRegion = English;
			hasScannedForEncodings = 0;
			knownRegions = (
				en,
				Base,
			);
			mainGroup = 3D2F99041E2E813A0086E2A5;
			productRefGroup = 3D2F990E1E2E813A0086E2A5 /* Products */;
			projectDirPath = "";
			projectRoot = "";
			targets = (
				3D2F990C1E2E813A0086E2A5 /* oneThrough */,
			);
		};
/* End PBXProject section */

/* Begin PBXResourcesBuildPhase section */
		3D2F990B1E2E813A0086E2A5 /* Resources */ = {
			isa = PBXResourcesBuildPhase;
			buildActionMask = 2147483647;
			files = (
				3D2F991B1E2E813A0086E2A5 /* LaunchScreen.storyboard in Resources */,
				3D2F99181E2E813A0086E2A5 /* Assets.xcassets in Resources */,
				3D2F99161E2E813A0086E2A5 /* Main.storyboard in Resources */,
			);
			runOnlyForDeploymentPostprocessing = 0;
		};
/* End PBXResourcesBuildPhase section */

/* Begin PBXSourcesBuildPhase section */
		3D2F99091E2E813A0086E2A5 /* Sources */ = {
			isa = PBXSourcesBuildPhase;
			buildActionMask = 2147483647;
			files = (
				3D2F99131E2E813A0086E2A5 /* ViewController.swift in Sources */,
				3D2F99111E2E813A0086E2A5 /* AppDelegate.swift in Sources */,
			);
			runOnlyForDeploymentPostprocessing = 0;
		};
/* End PBXSourcesBuildPhase section */

/* Begin PBXVariantGroup section */
		3D2F99141E2E813A0086E2A5 /* Main.storyboard */ = {
			isa = PBXVariantGroup;
			children = (
				3D2F99151E2E813A0086E2A5 /* Base */,
			);
			name = Main.storyboard;
			sourceTree = "<group>";
		};
		3D2F99191E2E813A0086E2A5 /* LaunchScreen.storyboard */ = {
			isa = PBXVariantGroup;
			children = (
				3D2F991A1E2E813A0086E2A5 /* Base */,
			);
			name = LaunchScreen.storyboard;
			sourceTree = "<group>";
		};
/* End PBXVariantGroup section */

/* Begin XCBuildConfiguration section */
		3D2F991D1E2E813A0086E2A5 /* Debug */ = {
			isa = XCBuildConfiguration;
			buildSettings = {
				ALWAYS_SEARCH_USER_PATHS = NO;
				CLANG_ANALYZER_NONNULL = YES;
				CLANG_CXX_LANGUAGE_STANDARD = "gnu++0x";
				CLANG_CXX_LIBRARY = "libc++";
				CLANG_ENABLE_MODULES = YES;
				CLANG_ENABLE_OBJC_ARC = YES;
				CLANG_WARN_BOOL_CONVERSION = YES;
				CLANG_WARN_CONSTANT_CONVERSION = YES;
				CLANG_WARN_DIRECT_OBJC_ISA_USAGE = YES_ERROR;
				CLANG_WARN_DOCUMENTATION_COMMENTS = YES;
				CLANG_WARN_EMPTY_BODY = YES;
				CLANG_WARN_ENUM_CONVERSION = YES;
				CLANG_WARN_INFINITE_RECURSION = YES;
				CLANG_WARN_INT_CONVERSION = YES;
				CLANG_WARN_OBJC_ROOT_CLASS = YES_ERROR;
				CLANG_WARN_SUSPICIOUS_MOVE = YES;
				CLANG_WARN_UNREACHABLE_CODE = YES;
				CLANG_WARN__DUPLICATE_METHOD_MATCH = YES;
				"CODE_SIGN_IDENTITY[sdk=iphoneos*]" = "iPhone Developer";
				COPY_PHASE_STRIP = NO;
				DEBUG_INFORMATION_FORMAT = dwarf;
				ENABLE_STRICT_OBJC_MSGSEND = YES;
				ENABLE_TESTABILITY = YES;
				GCC_C_LANGUAGE_STANDARD = gnu99;
				GCC_DYNAMIC_NO_PIC = NO;
				GCC_NO_COMMON_BLOCKS = YES;
				GCC_OPTIMIZATION_LEVEL = 0;
				GCC_PREPROCESSOR_DEFINITIONS = (
					"DEBUG=1",
					"$(inherited)",
				);
				GCC_WARN_64_TO_32_BIT_CONVERSION = YES;
				GCC_WARN_ABOUT_RETURN_TYPE = YES_ERROR;
				GCC_WARN_UNDECLARED_SELECTOR = YES;
				GCC_WARN_UNINITIALIZED_AUTOS = YES_AGGRESSIVE;
				GCC_WARN_UNUSED_FUNCTION = YES;
				GCC_WARN_UNUSED_VARIABLE = YES;
				IPHONEOS_DEPLOYMENT_TARGET = 10.2;
				MTL_ENABLE_DEBUG_INFO = YES;
				ONLY_ACTIVE_ARCH = YES;
				SDKROOT = iphoneos;
				SWIFT_ACTIVE_COMPILATION_CONDITIONS = DEBUG;
				SWIFT_OPTIMIZATION_LEVEL = "-Onone";
			};
			name = Debug;
		};
		3D2F991E1E2E813A0086E2A5 /* Release */ = {
			isa = XCBuildConfiguration;
			buildSettings = {
				ALWAYS_SEARCH_USER_PATHS = NO;
				CLANG_ANALYZER_NONNULL = YES;
				CLANG_CXX_LANGUAGE_STANDARD = "gnu++0x";
				CLANG_CXX_LIBRARY = "libc++";
				CLANG_ENABLE_MODULES = YES;
				CLANG_ENABLE_OBJC_ARC = YES;
				CLANG_WARN_BOOL_CONVERSION = YES;
				CLANG_WARN_CONSTANT_CONVERSION = YES;
				CLANG_WARN_DIRECT_OBJC_ISA_USAGE = YES_ERROR;
				CLANG_WARN_DOCUMENTATION_COMMENTS = YES;
				CLANG_WARN_EMPTY_BODY = YES;
				CLANG_WARN_ENUM_CONVERSION = YES;
				CLANG_WARN_INFINITE_RECURSION = YES;
				CLANG_WARN_INT_CONVERSION = YES;
				CLANG_WARN_OBJC_ROOT_CLASS = YES_ERROR;
				CLANG_WARN_SUSPICIOUS_MOVE = YES;
				CLANG_WARN_UNREACHABLE_CODE = YES;
				CLANG_WARN__DUPLICATE_METHOD_MATCH = YES;
				"CODE_SIGN_IDENTITY[sdk=iphoneos*]" = "iPhone Developer";
				COPY_PHASE_STRIP = NO;
				DEBUG_INFORMATION_FORMAT = "dwarf-with-dsym";
				ENABLE_NS_ASSERTIONS = NO;
				ENABLE_STRICT_OBJC_MSGSEND = YES;
				GCC_C_LANGUAGE_STANDARD = gnu99;
				GCC_NO_COMMON_BLOCKS = YES;
				GCC_WARN_64_TO_32_BIT_CONVERSION = YES;
				GCC_WARN_ABOUT_RETURN_TYPE = YES_ERROR;
				GCC_WARN_UNDECLARED_SELECTOR = YES;
				GCC_WARN_UNINITIALIZED_AUTOS = YES_AGGRESSIVE;
				GCC_WARN_UNUSED_FUNCTION = YES;
				GCC_WARN_UNUSED_VARIABLE = YES;
				IPHONEOS_DEPLOYMENT_TARGET = 10.2;
				MTL_ENABLE_DEBUG_INFO = NO;
				SDKROOT = iphoneos;
				SWIFT_OPTIMIZATION_LEVEL = "-Owholemodule";
				VALIDATE_PRODUCT = YES;
			};
			name = Release;
		};
		3D2F99201E2E813A0086E2A5 /* Debug */ = {
			isa = XCBuildConfiguration;
			buildSettings = {
				ASSETCATALOG_COMPILER_APPICON_NAME = AppIcon;
				INFOPLIST_FILE = oneThrough/Info.plist;
				LD_RUNPATH_SEARCH_PATHS = "$(inherited) @executable_path/Frameworks";
				PRODUCT_BUNDLE_IDENTIFIER = com.example.oneThrough;
				PRODUCT_NAME = "$(TARGET_NAME)";
				SWIFT_VERSION = 3.0;
			};
			name = Debug;
		};
		3D2F99211E2E813A0086E2A5 /* Release */ = {
			isa = XCBuildConfiguration;
			buildSettings = {
				ASSETCATALOG_COMPILER_APPICON_NAME = AppIcon;
				INFOPLIST_FILE = oneThrough/Info.plist;
				LD_RUNPATH_SEARCH_PATHS = "$(inherited) @executable_path/Frameworks";
				PRODUCT_BUNDLE_IDENTIFIER = com.example.oneThrough;
				PRODUCT_NAME = "$(TARGET_NAME)";
				SWIFT_VERSION = 3.0;
			};
			name = Release;
		};
/* End XCBuildConfiguration section */

/* Begin XCConfigurationList section */
		3D2F99081E2E813A0086E2A5 /* Build configuration list for PBXProject "oneThrough" */ = {
			isa = XCConfigurationList;
			buildConfigurations = (
				3D2F991D1E2E813A0086E2A5 /* Debug */,
				3D2F991E1E2E813A0086E2A5 /* Release */,
			);
			defaultConfigurationIsVisible = 0;
			defaultConfigurationName = Release;
		};
		3D2F991F1E2E813A0086E2A5 /* Build configuration list for PBXNativeTarget "oneThrough" */ = {
			isa = XCConfigurationList;
			buildConfigurations = (
				3D2F99201E2E813A0086E2A5 /* Debug */,
				3D2F99211E2E813A0086E2A5 /* Release */,
			);
			defaultConfigurationIsVisible = 0;
		};
/* End XCConfigurationList section */
	};
	rootObject = 3D2F99051E2E813A0086E2A5 /* Project object */;
}
